
Microsoft Visual Studio Solution File, Format Version 12.00
# Visual Studio Version 16
VisualStudioVersion = 25.0.1705.4
MinimumVisualStudioVersion = 10.0.40219.1
Project("{FAE04EC0-301F-11D3-BF4B-00C04F79EFBC}") = "ArceusCreations.Server", "ArceusCreations\Server\ArceusCreations.Server.csproj", "{BBBC4405-BC94-43B7-8E31-02DA229F7351}"
EndProject
Project("{FAE04EC0-301F-11D3-BF4B-00C04F79EFBC}") = "ArceusCreations.Client", "ArceusCreations\Client\ArceusCreations.Client.csproj", "{1969CC3D-8752-4236-A3CB-A0475B588845}"
EndProject
Project("{FAE04EC0-301F-11D3-BF4B-00C04F79EFBC}") = "ArceusCreations.Shared", "ArceusCreations\Shared\ArceusCreations.Shared.csproj", "{439CC842-DCCF-44F2-9804-1E93886D81D0}"
EndProject
Global
	GlobalSection(SolutionConfigurationPlatforms) = preSolution
		Debug|Any CPU = Debug|Any CPU
		Release|Any CPU = Release|Any CPU
	EndGlobalSection
	GlobalSection(ProjectConfigurationPlatforms) = postSolution
		{BBBC4405-BC94-43B7-8E31-02DA229F7351}.Debug|Any CPU.ActiveCfg = Debug|Any CPU
		{BBBC4405-BC94-43B7-8E31-02DA229F7351}.Debug|Any CPU.Build.0 = Debug|Any CPU
		{BBBC4405-BC94-43B7-8E31-02DA229F7351}.Release|Any CPU.ActiveCfg = Release|Any CPU
		{BBBC4405-BC94-43B7-8E31-02DA229F7351}.Release|Any CPU.Build.0 = Release|Any CPU
		{1969CC3D-8752-4236-A3CB-A0475B588845}.Debug|Any CPU.ActiveCfg = Debug|Any CPU
		{1969CC3D-8752-4236-A3CB-A0475B588845}.Debug|Any CPU.Build.0 = Debug|Any CPU
		{1969CC3D-8752-4236-A3CB-A0475B588845}.Release|Any CPU.ActiveCfg = Release|Any CPU
		{1969CC3D-8752-4236-A3CB-A0475B588845}.Release|Any CPU.Build.0 = Release|Any CPU
		{439CC842-DCCF-44F2-9804-1E93886D81D0}.Debug|Any CPU.ActiveCfg = Debug|Any CPU
		{439CC842-DCCF-44F2-9804-1E93886D81D0}.Debug|Any CPU.Build.0 = Debug|Any CPU
		{439CC842-DCCF-44F2-9804-1E93886D81D0}.Release|Any CPU.ActiveCfg = Release|Any CPU
		{439CC842-DCCF-44F2-9804-1E93886D81D0}.Release|Any CPU.Build.0 = Release|Any CPU
	EndGlobalSection
	GlobalSection(SolutionProperties) = preSolution
		HideSolutionNode = FALSE
	EndGlobalSection
	GlobalSection(ExtensibilityGlobals) = postSolution
		SolutionGuid = {D487D0D8-58E3-4B80-8CE4-EA6F04DB3D45}
	EndGlobalSection
EndGlobal
